
Microsoft Visual Studio Solution File, Format Version 12.00
# Visual Studio 14
VisualStudioVersion = 14.0.23107.0
MinimumVisualStudioVersion = 10.0.40219.1
Project("{CC5FD16D-436D-48AD-A40C-5A424C6E3E79}") = "PyriteHeatLamp", "PyriteHeatLamp\PyriteHeatLamp.ccproj", "{2707B1AD-38B0-459C-B074-84BB627AC8FB}"
EndProject
Project("{FAE04EC0-301F-11D3-BF4B-00C04F79EFBC}") = "HeatLampRole", "WorkerRole1\HeatLampRole.csproj", "{DECF3503-E187-40BC-B96A-A67239E888AF}"
EndProject
Global
	GlobalSection(SolutionConfigurationPlatforms) = preSolution
		Debug|Any CPU = Debug|Any CPU
		Release|Any CPU = Release|Any CPU
	EndGlobalSection
	GlobalSection(ProjectConfigurationPlatforms) = postSolution
		{2707B1AD-38B0-459C-B074-84BB627AC8FB}.Debug|Any CPU.ActiveCfg = Debug|Any CPU
		{2707B1AD-38B0-459C-B074-84BB627AC8FB}.Debug|Any CPU.Build.0 = Debug|Any CPU
		{2707B1AD-38B0-459C-B074-84BB627AC8FB}.Release|Any CPU.ActiveCfg = Release|Any CPU
		{2707B1AD-38B0-459C-B074-84BB627AC8FB}.Release|Any CPU.Build.0 = Release|Any CPU
		{DECF3503-E187-40BC-B96A-A67239E888AF}.Debug|Any CPU.ActiveCfg = Debug|Any CPU
		{DECF3503-E187-40BC-B96A-A67239E888AF}.Debug|Any CPU.Build.0 = Debug|Any CPU
		{DECF3503-E187-40BC-B96A-A67239E888AF}.Release|Any CPU.ActiveCfg = Release|Any CPU
		{DECF3503-E187-40BC-B96A-A67239E888AF}.Release|Any CPU.Build.0 = Release|Any CPU
	EndGlobalSection
	GlobalSection(SolutionProperties) = preSolution
		HideSolutionNode = FALSE
	EndGlobalSection
EndGlobal
